
Microsoft Visual Studio Solution File, Format Version 12.00
# Visual Studio Version 16
VisualStudioVersion = 16.0.29519.87
MinimumVisualStudioVersion = 10.0.40219.1
Project("{9A19103F-16F7-4668-BE54-9A1E7A4F7556}") = "AseTrader", "AseTrader\AseTrader.csproj", "{92A6A910-74E7-4362-B29D-487083C52A6D}"
EndProject
Project("{9A19103F-16F7-4668-BE54-9A1E7A4F7556}") = "Administration.Controller.Test", "Administration.Controller.Test\Administration.Controller.Test.csproj", "{DE311653-BBF6-4183-AD4B-036B6BAD6327}"
EndProject
Project("{FAE04EC0-301F-11D3-BF4B-00C04F79EFBC}") = "Unit_test_sellstock", "..\..\..\..\OneDrive - Aarhus Universitet\Universitet\4. Semester\PRJ4\Trading-platform\Kode\Unit_test_sellstock\Unit_test_sellstock.csproj", "{DE47659D-CEB3-4AE8-8B04-DA4E98AB4609}"
EndProject
Project("{FAE04EC0-301F-11D3-BF4B-00C04F79EFBC}") = "Unit_test_portfolio", "..\..\..\..\OneDrive - Aarhus Universitet\Universitet\4. Semester\PRJ4\Trading-platform\Kode\Unit_test_portfolio\Unit_test_portfolio.csproj", "{A2E92F70-E519-4D27-9859-AAD38BE7F421}"
EndProject
Project("{FAE04EC0-301F-11D3-BF4B-00C04F79EFBC}") = "Unit_test_buystock", "..\..\..\..\OneDrive - Aarhus Universitet\Universitet\4. Semester\PRJ4\Trading-platform\Kode\Unit_test_buystock\Unit_test_buystock.csproj", "{444859AA-14D0-4711-8A2F-FD366D3490DB}"
EndProject
Global
	GlobalSection(SolutionConfigurationPlatforms) = preSolution
		Debug|Any CPU = Debug|Any CPU
		Release|Any CPU = Release|Any CPU
	EndGlobalSection
	GlobalSection(ProjectConfigurationPlatforms) = postSolution
		{92A6A910-74E7-4362-B29D-487083C52A6D}.Debug|Any CPU.ActiveCfg = Debug|Any CPU
		{92A6A910-74E7-4362-B29D-487083C52A6D}.Debug|Any CPU.Build.0 = Debug|Any CPU
		{92A6A910-74E7-4362-B29D-487083C52A6D}.Release|Any CPU.ActiveCfg = Release|Any CPU
		{92A6A910-74E7-4362-B29D-487083C52A6D}.Release|Any CPU.Build.0 = Release|Any CPU
		{DE311653-BBF6-4183-AD4B-036B6BAD6327}.Debug|Any CPU.ActiveCfg = Debug|Any CPU
		{DE311653-BBF6-4183-AD4B-036B6BAD6327}.Debug|Any CPU.Build.0 = Debug|Any CPU
		{DE311653-BBF6-4183-AD4B-036B6BAD6327}.Release|Any CPU.ActiveCfg = Release|Any CPU
		{DE311653-BBF6-4183-AD4B-036B6BAD6327}.Release|Any CPU.Build.0 = Release|Any CPU
		{DE47659D-CEB3-4AE8-8B04-DA4E98AB4609}.Debug|Any CPU.ActiveCfg = Debug|Any CPU
		{DE47659D-CEB3-4AE8-8B04-DA4E98AB4609}.Debug|Any CPU.Build.0 = Debug|Any CPU
		{DE47659D-CEB3-4AE8-8B04-DA4E98AB4609}.Release|Any CPU.ActiveCfg = Release|Any CPU
		{DE47659D-CEB3-4AE8-8B04-DA4E98AB4609}.Release|Any CPU.Build.0 = Release|Any CPU
		{A2E92F70-E519-4D27-9859-AAD38BE7F421}.Debug|Any CPU.ActiveCfg = Debug|Any CPU
		{A2E92F70-E519-4D27-9859-AAD38BE7F421}.Debug|Any CPU.Build.0 = Debug|Any CPU
		{A2E92F70-E519-4D27-9859-AAD38BE7F421}.Release|Any CPU.ActiveCfg = Release|Any CPU
		{A2E92F70-E519-4D27-9859-AAD38BE7F421}.Release|Any CPU.Build.0 = Release|Any CPU
		{444859AA-14D0-4711-8A2F-FD366D3490DB}.Debug|Any CPU.ActiveCfg = Debug|Any CPU
		{444859AA-14D0-4711-8A2F-FD366D3490DB}.Debug|Any CPU.Build.0 = Debug|Any CPU
		{444859AA-14D0-4711-8A2F-FD366D3490DB}.Release|Any CPU.ActiveCfg = Release|Any CPU
		{444859AA-14D0-4711-8A2F-FD366D3490DB}.Release|Any CPU.Build.0 = Release|Any CPU
	EndGlobalSection
	GlobalSection(SolutionProperties) = preSolution
		HideSolutionNode = FALSE
	EndGlobalSection
	GlobalSection(ExtensibilityGlobals) = postSolution
		SolutionGuid = {4D87285B-3E50-44BA-87B2-0D798E62FFB5}
	EndGlobalSection
EndGlobal
