
Microsoft Visual Studio Solution File, Format Version 12.00
# Visual Studio Version 16
VisualStudioVersion = 16.0.29519.87
MinimumVisualStudioVersion = 10.0.40219.1
Project("{9A19103F-16F7-4668-BE54-9A1E7A4F7556}") = "AseTrader", "AseTrader\AseTrader.csproj", "{92A6A910-74E7-4362-B29D-487083C52A6D}"
EndProject
Project("{9A19103F-16F7-4668-BE54-9A1E7A4F7556}") = "Administration.Controller.Test", "Administration.Controller.Test\Administration.Controller.Test.csproj", "{DE311653-BBF6-4183-AD4B-036B6BAD6327}"
EndProject
Project("{FAE04EC0-301F-11D3-BF4B-00C04F79EFBC}") = "Unit_test_buystock", "Unit_test_buystock\Unit_test_buystock.csproj", "{29692575-0143-4B3F-83DF-C842E6D32ED5}"
EndProject
Project("{FAE04EC0-301F-11D3-BF4B-00C04F79EFBC}") = "Unit_test_portfolio", "Unit_test_portfolio\Unit_test_portfolio.csproj", "{586C523E-AEA9-4663-8491-EFD32C6E5CB6}"
EndProject
Project("{FAE04EC0-301F-11D3-BF4B-00C04F79EFBC}") = "Unit_test_sellstock", "Unit_test_sellstock\Unit_test_sellstock.csproj", "{7674F5FA-D223-4BF6-892C-990E3F2A11B0}"
EndProject
Global
	GlobalSection(SolutionConfigurationPlatforms) = preSolution
		Debug|Any CPU = Debug|Any CPU
		Release|Any CPU = Release|Any CPU
	EndGlobalSection
	GlobalSection(ProjectConfigurationPlatforms) = postSolution
		{92A6A910-74E7-4362-B29D-487083C52A6D}.Debug|Any CPU.ActiveCfg = Debug|Any CPU
		{92A6A910-74E7-4362-B29D-487083C52A6D}.Debug|Any CPU.Build.0 = Debug|Any CPU
		{92A6A910-74E7-4362-B29D-487083C52A6D}.Release|Any CPU.ActiveCfg = Release|Any CPU
		{92A6A910-74E7-4362-B29D-487083C52A6D}.Release|Any CPU.Build.0 = Release|Any CPU
		{DE311653-BBF6-4183-AD4B-036B6BAD6327}.Debug|Any CPU.ActiveCfg = Debug|Any CPU
		{DE311653-BBF6-4183-AD4B-036B6BAD6327}.Debug|Any CPU.Build.0 = Debug|Any CPU
		{DE311653-BBF6-4183-AD4B-036B6BAD6327}.Release|Any CPU.ActiveCfg = Release|Any CPU
		{DE311653-BBF6-4183-AD4B-036B6BAD6327}.Release|Any CPU.Build.0 = Release|Any CPU
		{29692575-0143-4B3F-83DF-C842E6D32ED5}.Debug|Any CPU.ActiveCfg = Debug|Any CPU
		{29692575-0143-4B3F-83DF-C842E6D32ED5}.Debug|Any CPU.Build.0 = Debug|Any CPU
		{29692575-0143-4B3F-83DF-C842E6D32ED5}.Release|Any CPU.ActiveCfg = Release|Any CPU
		{29692575-0143-4B3F-83DF-C842E6D32ED5}.Release|Any CPU.Build.0 = Release|Any CPU
		{586C523E-AEA9-4663-8491-EFD32C6E5CB6}.Debug|Any CPU.ActiveCfg = Debug|Any CPU
		{586C523E-AEA9-4663-8491-EFD32C6E5CB6}.Debug|Any CPU.Build.0 = Debug|Any CPU
		{586C523E-AEA9-4663-8491-EFD32C6E5CB6}.Release|Any CPU.ActiveCfg = Release|Any CPU
		{586C523E-AEA9-4663-8491-EFD32C6E5CB6}.Release|Any CPU.Build.0 = Release|Any CPU
		{7674F5FA-D223-4BF6-892C-990E3F2A11B0}.Debug|Any CPU.ActiveCfg = Debug|Any CPU
		{7674F5FA-D223-4BF6-892C-990E3F2A11B0}.Debug|Any CPU.Build.0 = Debug|Any CPU
		{7674F5FA-D223-4BF6-892C-990E3F2A11B0}.Release|Any CPU.ActiveCfg = Release|Any CPU
		{7674F5FA-D223-4BF6-892C-990E3F2A11B0}.Release|Any CPU.Build.0 = Release|Any CPU
	EndGlobalSection
	GlobalSection(SolutionProperties) = preSolution
		HideSolutionNode = FALSE
	EndGlobalSection
	GlobalSection(ExtensibilityGlobals) = postSolution
		SolutionGuid = {4D87285B-3E50-44BA-87B2-0D798E62FFB5}
	EndGlobalSection
EndGlobal
